// !$*UTF8*$!
{
	archiveVersion = 1;
	classes = {
	};
	objectVersion = 46;
	objects = {

/* Begin PBXBuildFile section */
		A92F38621C8B062B00210558 /* AFMNotesTableViewController.m in Sources */ = {isa = PBXBuildFile; fileRef = A92F38611C8B062B00210558 /* AFMNotesTableViewController.m */; };
		A95C32BB1C7068B100B157A7 /* _AFMPhoto.m in Sources */ = {isa = PBXBuildFile; fileRef = A95C32B81C7068B100B157A7 /* _AFMPhoto.m */; };
		A95C32BC1C7068B100B157A7 /* AFMPhoto.m in Sources */ = {isa = PBXBuildFile; fileRef = A95C32BA1C7068B100B157A7 /* AFMPhoto.m */; };
		A99040D61C6F8C310055852B /* main.m in Sources */ = {isa = PBXBuildFile; fileRef = A99040D51C6F8C310055852B /* main.m */; };
		A99040D91C6F8C310055852B /* AppDelegate.m in Sources */ = {isa = PBXBuildFile; fileRef = A99040D81C6F8C310055852B /* AppDelegate.m */; };
		A99040DB1C6F8C310055852B /* Assets.xcassets in Resources */ = {isa = PBXBuildFile; fileRef = A99040DA1C6F8C310055852B /* Assets.xcassets */; };
		A99040DE1C6F8C310055852B /* LaunchScreen.storyboard in Resources */ = {isa = PBXBuildFile; fileRef = A99040DC1C6F8C310055852B /* LaunchScreen.storyboard */; };
		A99040E81C6F8D3B0055852B /* AGTSimpleCoreDataStack.m in Sources */ = {isa = PBXBuildFile; fileRef = A99040E71C6F8D3B0055852B /* AGTSimpleCoreDataStack.m */; };
		A99040EB1C6F949A0055852B /* Model.xcdatamodeld in Sources */ = {isa = PBXBuildFile; fileRef = A99040E91C6F949A0055852B /* Model.xcdatamodeld */; };
		A990412E1C6FB5DA0055852B /* _AFMNamedEntity.m in Sources */ = {isa = PBXBuildFile; fileRef = A99041231C6FB5DA0055852B /* _AFMNamedEntity.m */; };
		A990412F1C6FB5DA0055852B /* _AFMNote.m in Sources */ = {isa = PBXBuildFile; fileRef = A99041251C6FB5DA0055852B /* _AFMNote.m */; };
		A99041301C6FB5DA0055852B /* _AFMNotebook.m in Sources */ = {isa = PBXBuildFile; fileRef = A99041271C6FB5DA0055852B /* _AFMNotebook.m */; };
		A99041311C6FB5DA0055852B /* AFMNamedEntity.m in Sources */ = {isa = PBXBuildFile; fileRef = A99041291C6FB5DA0055852B /* AFMNamedEntity.m */; };
		A99041321C6FB5DA0055852B /* AFMNote.m in Sources */ = {isa = PBXBuildFile; fileRef = A990412B1C6FB5DA0055852B /* AFMNote.m */; };
		A99041331C6FB5DA0055852B /* AFMNotebook.m in Sources */ = {isa = PBXBuildFile; fileRef = A990412D1C6FB5DA0055852B /* AFMNotebook.m */; };
		A9957E1E1D66FA790002C834 /* AFMNoteViewController.m in Sources */ = {isa = PBXBuildFile; fileRef = A9957E1C1D66FA790002C834 /* AFMNoteViewController.m */; };
		A9957E1F1D66FA790002C834 /* AFMNoteViewController.xib in Resources */ = {isa = PBXBuildFile; fileRef = A9957E1D1D66FA790002C834 /* AFMNoteViewController.xib */; };
		A9957E211D6700EA0002C834 /* MapKit.framework in Frameworks */ = {isa = PBXBuildFile; fileRef = A9957E201D6700EA0002C834 /* MapKit.framework */; };
		A9AEB5CC1D68B10D00C71758 /* AGTNoteTableViewController.m in Sources */ = {isa = PBXBuildFile; fileRef = A9AEB5CA1D68B10D00C71758 /* AGTNoteTableViewController.m */; };
		A9AEB5CD1D68B10D00C71758 /* AGTNoteTableViewController.xib in Resources */ = {isa = PBXBuildFile; fileRef = A9AEB5CB1D68B10D00C71758 /* AGTNoteTableViewController.xib */; };
		A9BABF3C1C73A813007A4766 /* AGTCoreDataTableViewController.m in Sources */ = {isa = PBXBuildFile; fileRef = A9BABF3B1C73A813007A4766 /* AGTCoreDataTableViewController.m */; };
		A9BABF3F1C73A867007A4766 /* AFMNotebooksViewController.m in Sources */ = {isa = PBXBuildFile; fileRef = A9BABF3E1C73A867007A4766 /* AFMNotebooksViewController.m */; };
		A9BABF431C73D43E007A4766 /* UIViewController+Navigation.m in Sources */ = {isa = PBXBuildFile; fileRef = A9BABF421C73D43E007A4766 /* UIViewController+Navigation.m */; };
		A9BABF461C73D81E007A4766 /* AFMNotebookCellView.xib in Resources */ = {isa = PBXBuildFile; fileRef = A9BABF451C73D81E007A4766 /* AFMNotebookCellView.xib */; };
		A9BABF491C73DA62007A4766 /* AFMNotebookCellView.m in Sources */ = {isa = PBXBuildFile; fileRef = A9BABF481C73DA62007A4766 /* AFMNotebookCellView.m */; };
		A9D4BF9A1D661CD50015335D /* AFMNoteCollectionViewCell.xib in Resources */ = {isa = PBXBuildFile; fileRef = A9D4BF991D661CD50015335D /* AFMNoteCollectionViewCell.xib */; };
		A9D4BF9D1D661DB70015335D /* AFMNoteCellView.m in Sources */ = {isa = PBXBuildFile; fileRef = A9D4BF9C1D661DB70015335D /* AFMNoteCellView.m */; };
		A9D4BFA01D664BFA0015335D /* AGTCoreDataCollectionViewController.m in Sources */ = {isa = PBXBuildFile; fileRef = A9D4BF9F1D664BFA0015335D /* AGTCoreDataCollectionViewController.m */; };
		A9D4BFA31D664C7B0015335D /* AFMNotesViewController.m in Sources */ = {isa = PBXBuildFile; fileRef = A9D4BFA21D664C7B0015335D /* AFMNotesViewController.m */; };
		A9D4BFA61D6657C20015335D /* noImage.png in Resources */ = {isa = PBXBuildFile; fileRef = A9D4BFA51D6657C20015335D /* noImage.png */; };
/* End PBXBuildFile section */

/* Begin PBXFileReference section */
		A92F38601C8B062B00210558 /* AFMNotesTableViewController.h */ = {isa = PBXFileReference; fileEncoding = 4; lastKnownFileType = sourcecode.c.h; path = AFMNotesTableViewController.h; sourceTree = "<group>"; };
		A92F38611C8B062B00210558 /* AFMNotesTableViewController.m */ = {isa = PBXFileReference; fileEncoding = 4; lastKnownFileType = sourcecode.c.objc; path = AFMNotesTableViewController.m; sourceTree = "<group>"; };
		A95C32B71C7068B100B157A7 /* _AFMPhoto.h */ = {isa = PBXFileReference; fileEncoding = 4; lastKnownFileType = sourcecode.c.h; path = _AFMPhoto.h; sourceTree = "<group>"; };
		A95C32B81C7068B100B157A7 /* _AFMPhoto.m */ = {isa = PBXFileReference; fileEncoding = 4; lastKnownFileType = sourcecode.c.objc; path = _AFMPhoto.m; sourceTree = "<group>"; };
		A95C32B91C7068B100B157A7 /* AFMPhoto.h */ = {isa = PBXFileReference; fileEncoding = 4; lastKnownFileType = sourcecode.c.h; path = AFMPhoto.h; sourceTree = "<group>"; };
		A95C32BA1C7068B100B157A7 /* AFMPhoto.m */ = {isa = PBXFileReference; fileEncoding = 4; lastKnownFileType = sourcecode.c.objc; path = AFMPhoto.m; sourceTree = "<group>"; };
		A99040D11C6F8C310055852B /* Everpobre.app */ = {isa = PBXFileReference; explicitFileType = wrapper.application; includeInIndex = 0; path = Everpobre.app; sourceTree = BUILT_PRODUCTS_DIR; };
		A99040D51C6F8C310055852B /* main.m */ = {isa = PBXFileReference; lastKnownFileType = sourcecode.c.objc; path = main.m; sourceTree = "<group>"; };
		A99040D71C6F8C310055852B /* AppDelegate.h */ = {isa = PBXFileReference; lastKnownFileType = sourcecode.c.h; path = AppDelegate.h; sourceTree = "<group>"; };
		A99040D81C6F8C310055852B /* AppDelegate.m */ = {isa = PBXFileReference; lastKnownFileType = sourcecode.c.objc; path = AppDelegate.m; sourceTree = "<group>"; };
		A99040DA1C6F8C310055852B /* Assets.xcassets */ = {isa = PBXFileReference; lastKnownFileType = folder.assetcatalog; path = Assets.xcassets; sourceTree = "<group>"; };
		A99040DD1C6F8C310055852B /* Base */ = {isa = PBXFileReference; lastKnownFileType = file.storyboard; name = Base; path = Base.lproj/LaunchScreen.storyboard; sourceTree = "<group>"; };
		A99040DF1C6F8C310055852B /* Info.plist */ = {isa = PBXFileReference; lastKnownFileType = text.plist.xml; path = Info.plist; sourceTree = "<group>"; };
		A99040E61C6F8D3B0055852B /* AGTSimpleCoreDataStack.h */ = {isa = PBXFileReference; fileEncoding = 4; lastKnownFileType = sourcecode.c.h; path = AGTSimpleCoreDataStack.h; sourceTree = "<group>"; };
		A99040E71C6F8D3B0055852B /* AGTSimpleCoreDataStack.m */ = {isa = PBXFileReference; fileEncoding = 4; lastKnownFileType = sourcecode.c.objc; path = AGTSimpleCoreDataStack.m; sourceTree = "<group>"; };
		A99040EA1C6F949A0055852B /* Model.xcdatamodel */ = {isa = PBXFileReference; lastKnownFileType = wrapper.xcdatamodel; path = Model.xcdatamodel; sourceTree = "<group>"; };
		A99041221C6FB5DA0055852B /* _AFMNamedEntity.h */ = {isa = PBXFileReference; fileEncoding = 4; lastKnownFileType = sourcecode.c.h; path = _AFMNamedEntity.h; sourceTree = "<group>"; };
		A99041231C6FB5DA0055852B /* _AFMNamedEntity.m */ = {isa = PBXFileReference; fileEncoding = 4; lastKnownFileType = sourcecode.c.objc; path = _AFMNamedEntity.m; sourceTree = "<group>"; };
		A99041241C6FB5DA0055852B /* _AFMNote.h */ = {isa = PBXFileReference; fileEncoding = 4; lastKnownFileType = sourcecode.c.h; path = _AFMNote.h; sourceTree = "<group>"; };
		A99041251C6FB5DA0055852B /* _AFMNote.m */ = {isa = PBXFileReference; fileEncoding = 4; lastKnownFileType = sourcecode.c.objc; path = _AFMNote.m; sourceTree = "<group>"; };
		A99041261C6FB5DA0055852B /* _AFMNotebook.h */ = {isa = PBXFileReference; fileEncoding = 4; lastKnownFileType = sourcecode.c.h; path = _AFMNotebook.h; sourceTree = "<group>"; };
		A99041271C6FB5DA0055852B /* _AFMNotebook.m */ = {isa = PBXFileReference; fileEncoding = 4; lastKnownFileType = sourcecode.c.objc; path = _AFMNotebook.m; sourceTree = "<group>"; };
		A99041281C6FB5DA0055852B /* AFMNamedEntity.h */ = {isa = PBXFileReference; fileEncoding = 4; lastKnownFileType = sourcecode.c.h; path = AFMNamedEntity.h; sourceTree = "<group>"; };
		A99041291C6FB5DA0055852B /* AFMNamedEntity.m */ = {isa = PBXFileReference; fileEncoding = 4; lastKnownFileType = sourcecode.c.objc; path = AFMNamedEntity.m; sourceTree = "<group>"; };
		A990412A1C6FB5DA0055852B /* AFMNote.h */ = {isa = PBXFileReference; fileEncoding = 4; lastKnownFileType = sourcecode.c.h; path = AFMNote.h; sourceTree = "<group>"; };
		A990412B1C6FB5DA0055852B /* AFMNote.m */ = {isa = PBXFileReference; fileEncoding = 4; lastKnownFileType = sourcecode.c.objc; path = AFMNote.m; sourceTree = "<group>"; };
		A990412C1C6FB5DA0055852B /* AFMNotebook.h */ = {isa = PBXFileReference; fileEncoding = 4; lastKnownFileType = sourcecode.c.h; path = AFMNotebook.h; sourceTree = "<group>"; };
		A990412D1C6FB5DA0055852B /* AFMNotebook.m */ = {isa = PBXFileReference; fileEncoding = 4; lastKnownFileType = sourcecode.c.objc; path = AFMNotebook.m; sourceTree = "<group>"; };
		A9957E1B1D66FA790002C834 /* AFMNoteViewController.h */ = {isa = PBXFileReference; fileEncoding = 4; lastKnownFileType = sourcecode.c.h; path = AFMNoteViewController.h; sourceTree = "<group>"; };
		A9957E1C1D66FA790002C834 /* AFMNoteViewController.m */ = {isa = PBXFileReference; fileEncoding = 4; lastKnownFileType = sourcecode.c.objc; path = AFMNoteViewController.m; sourceTree = "<group>"; };
		A9957E1D1D66FA790002C834 /* AFMNoteViewController.xib */ = {isa = PBXFileReference; fileEncoding = 4; lastKnownFileType = file.xib; path = AFMNoteViewController.xib; sourceTree = "<group>"; };
		A9957E201D6700EA0002C834 /* MapKit.framework */ = {isa = PBXFileReference; lastKnownFileType = wrapper.framework; name = MapKit.framework; path = System/Library/Frameworks/MapKit.framework; sourceTree = SDKROOT; };
		A9AEB5C91D68B10D00C71758 /* AGTNoteTableViewController.h */ = {isa = PBXFileReference; fileEncoding = 4; lastKnownFileType = sourcecode.c.h; path = AGTNoteTableViewController.h; sourceTree = "<group>"; };
		A9AEB5CA1D68B10D00C71758 /* AGTNoteTableViewController.m */ = {isa = PBXFileReference; fileEncoding = 4; lastKnownFileType = sourcecode.c.objc; path = AGTNoteTableViewController.m; sourceTree = "<group>"; };
		A9AEB5CB1D68B10D00C71758 /* AGTNoteTableViewController.xib */ = {isa = PBXFileReference; fileEncoding = 4; lastKnownFileType = file.xib; path = AGTNoteTableViewController.xib; sourceTree = "<group>"; };
		A9B3BC741C727F6900A0E7DA /* Settings.h */ = {isa = PBXFileReference; fileEncoding = 4; lastKnownFileType = sourcecode.c.h; path = Settings.h; sourceTree = "<group>"; };
		A9B3BC751C72800A00A0E7DA /* Everpobre-Prefix.pch */ = {isa = PBXFileReference; fileEncoding = 4; lastKnownFileType = sourcecode.c.h; path = "Everpobre-Prefix.pch"; sourceTree = "<group>"; };
		A9BABF3A1C73A813007A4766 /* AGTCoreDataTableViewController.h */ = {isa = PBXFileReference; fileEncoding = 4; lastKnownFileType = sourcecode.c.h; path = AGTCoreDataTableViewController.h; sourceTree = "<group>"; };
		A9BABF3B1C73A813007A4766 /* AGTCoreDataTableViewController.m */ = {isa = PBXFileReference; fileEncoding = 4; lastKnownFileType = sourcecode.c.objc; path = AGTCoreDataTableViewController.m; sourceTree = "<group>"; };
		A9BABF3D1C73A867007A4766 /* AFMNotebooksViewController.h */ = {isa = PBXFileReference; fileEncoding = 4; lastKnownFileType = sourcecode.c.h; path = AFMNotebooksViewController.h; sourceTree = "<group>"; };
		A9BABF3E1C73A867007A4766 /* AFMNotebooksViewController.m */ = {isa = PBXFileReference; fileEncoding = 4; lastKnownFileType = sourcecode.c.objc; path = AFMNotebooksViewController.m; sourceTree = "<group>"; };
		A9BABF411C73D43E007A4766 /* UIViewController+Navigation.h */ = {isa = PBXFileReference; fileEncoding = 4; lastKnownFileType = sourcecode.c.h; path = "UIViewController+Navigation.h"; sourceTree = "<group>"; };
		A9BABF421C73D43E007A4766 /* UIViewController+Navigation.m */ = {isa = PBXFileReference; fileEncoding = 4; lastKnownFileType = sourcecode.c.objc; path = "UIViewController+Navigation.m"; sourceTree = "<group>"; };
		A9BABF451C73D81E007A4766 /* AFMNotebookCellView.xib */ = {isa = PBXFileReference; fileEncoding = 4; lastKnownFileType = file.xib; path = AFMNotebookCellView.xib; sourceTree = "<group>"; };
		A9BABF471C73DA62007A4766 /* AFMNotebookCellView.h */ = {isa = PBXFileReference; fileEncoding = 4; lastKnownFileType = sourcecode.c.h; path = AFMNotebookCellView.h; sourceTree = "<group>"; };
		A9BABF481C73DA62007A4766 /* AFMNotebookCellView.m */ = {isa = PBXFileReference; fileEncoding = 4; lastKnownFileType = sourcecode.c.objc; path = AFMNotebookCellView.m; sourceTree = "<group>"; };
		A9CE5FEF1D675F2300E29327 /* AFMDetailViewController.h */ = {isa = PBXFileReference; lastKnownFileType = sourcecode.c.h; path = AFMDetailViewController.h; sourceTree = "<group>"; };
		A9D4BF991D661CD50015335D /* AFMNoteCollectionViewCell.xib */ = {isa = PBXFileReference; fileEncoding = 4; lastKnownFileType = file.xib; path = AFMNoteCollectionViewCell.xib; sourceTree = "<group>"; };
		A9D4BF9B1D661DB70015335D /* AFMNoteCellView.h */ = {isa = PBXFileReference; fileEncoding = 4; lastKnownFileType = sourcecode.c.h; path = AFMNoteCellView.h; sourceTree = "<group>"; };
		A9D4BF9C1D661DB70015335D /* AFMNoteCellView.m */ = {isa = PBXFileReference; fileEncoding = 4; lastKnownFileType = sourcecode.c.objc; path = AFMNoteCellView.m; sourceTree = "<group>"; };
		A9D4BF9E1D664BFA0015335D /* AGTCoreDataCollectionViewController.h */ = {isa = PBXFileReference; fileEncoding = 4; lastKnownFileType = sourcecode.c.h; path = AGTCoreDataCollectionViewController.h; sourceTree = "<group>"; };
		A9D4BF9F1D664BFA0015335D /* AGTCoreDataCollectionViewController.m */ = {isa = PBXFileReference; fileEncoding = 4; lastKnownFileType = sourcecode.c.objc; path = AGTCoreDataCollectionViewController.m; sourceTree = "<group>"; };
		A9D4BFA11D664C7B0015335D /* AFMNotesViewController.h */ = {isa = PBXFileReference; fileEncoding = 4; lastKnownFileType = sourcecode.c.h; path = AFMNotesViewController.h; sourceTree = "<group>"; };
		A9D4BFA21D664C7B0015335D /* AFMNotesViewController.m */ = {isa = PBXFileReference; fileEncoding = 4; lastKnownFileType = sourcecode.c.objc; path = AFMNotesViewController.m; sourceTree = "<group>"; };
		A9D4BFA51D6657C20015335D /* noImage.png */ = {isa = PBXFileReference; lastKnownFileType = image.png; path = noImage.png; sourceTree = "<group>"; };
/* End PBXFileReference section */

/* Begin PBXFrameworksBuildPhase section */
		A99040CE1C6F8C310055852B /* Frameworks */ = {
			isa = PBXFrameworksBuildPhase;
			buildActionMask = 2147483647;
			files = (
				A9957E211D6700EA0002C834 /* MapKit.framework in Frameworks */,
			);
			runOnlyForDeploymentPostprocessing = 0;
		};
/* End PBXFrameworksBuildPhase section */

/* Begin PBXGroup section */
		A99040C81C6F8C310055852B = {
			isa = PBXGroup;
			children = (
				A9957E201D6700EA0002C834 /* MapKit.framework */,
				A99040D31C6F8C310055852B /* Everpobre */,
				A99040D21C6F8C310055852B /* Products */,
			);
			sourceTree = "<group>";
		};
		A99040D21C6F8C310055852B /* Products */ = {
			isa = PBXGroup;
			children = (
				A99040D11C6F8C310055852B /* Everpobre.app */,
			);
			name = Products;
			sourceTree = "<group>";
		};
		A99040D31C6F8C310055852B /* Everpobre */ = {
			isa = PBXGroup;
			children = (
				A9CE5FEE1D675E0500E29327 /* Protocols */,
				A9D4BFA41D6657B10015335D /* Resources */,
				A9BABF441C73D7C6007A4766 /* Views */,
				A9BABF401C73D3AC007A4766 /* Categories */,
				A9BABF391C73A7FB007A4766 /* Controllers */,
				A99040E51C6F8C3C0055852B /* Modelos */,
				A99040D71C6F8C310055852B /* AppDelegate.h */,
				A99040D81C6F8C310055852B /* AppDelegate.m */,
				A99040DA1C6F8C310055852B /* Assets.xcassets */,
				A99040DC1C6F8C310055852B /* LaunchScreen.storyboard */,
				A99040DF1C6F8C310055852B /* Info.plist */,
				A99040D41C6F8C310055852B /* Supporting Files */,
			);
			path = Everpobre;
			sourceTree = "<group>";
		};
		A99040D41C6F8C310055852B /* Supporting Files */ = {
			isa = PBXGroup;
			children = (
				A9B3BC741C727F6900A0E7DA /* Settings.h */,
				A99040D51C6F8C310055852B /* main.m */,
				A9B3BC751C72800A00A0E7DA /* Everpobre-Prefix.pch */,
			);
			name = "Supporting Files";
			sourceTree = "<group>";
		};
		A99040E51C6F8C3C0055852B /* Modelos */ = {
			isa = PBXGroup;
			children = (
				A95C32B71C7068B100B157A7 /* _AFMPhoto.h */,
				A95C32B81C7068B100B157A7 /* _AFMPhoto.m */,
				A95C32B91C7068B100B157A7 /* AFMPhoto.h */,
				A95C32BA1C7068B100B157A7 /* AFMPhoto.m */,
				A99041221C6FB5DA0055852B /* _AFMNamedEntity.h */,
				A99041231C6FB5DA0055852B /* _AFMNamedEntity.m */,
				A99041241C6FB5DA0055852B /* _AFMNote.h */,
				A99041251C6FB5DA0055852B /* _AFMNote.m */,
				A99041261C6FB5DA0055852B /* _AFMNotebook.h */,
				A99041271C6FB5DA0055852B /* _AFMNotebook.m */,
				A99041281C6FB5DA0055852B /* AFMNamedEntity.h */,
				A99041291C6FB5DA0055852B /* AFMNamedEntity.m */,
				A990412A1C6FB5DA0055852B /* AFMNote.h */,
				A990412B1C6FB5DA0055852B /* AFMNote.m */,
				A990412C1C6FB5DA0055852B /* AFMNotebook.h */,
				A990412D1C6FB5DA0055852B /* AFMNotebook.m */,
				A99040E61C6F8D3B0055852B /* AGTSimpleCoreDataStack.h */,
				A99040E71C6F8D3B0055852B /* AGTSimpleCoreDataStack.m */,
				A99040E91C6F949A0055852B /* Model.xcdatamodeld */,
			);
			name = Modelos;
			sourceTree = "<group>";
		};
		A9BABF391C73A7FB007A4766 /* Controllers */ = {
			isa = PBXGroup;
			children = (
				A9AEB5C91D68B10D00C71758 /* AGTNoteTableViewController.h */,
				A9AEB5CA1D68B10D00C71758 /* AGTNoteTableViewController.m */,
				A9AEB5CB1D68B10D00C71758 /* AGTNoteTableViewController.xib */,
				A9D4BF9E1D664BFA0015335D /* AGTCoreDataCollectionViewController.h */,
				A9D4BF9F1D664BFA0015335D /* AGTCoreDataCollectionViewController.m */,
				A9BABF3A1C73A813007A4766 /* AGTCoreDataTableViewController.h */,
				A9BABF3B1C73A813007A4766 /* AGTCoreDataTableViewController.m */,
				A9BABF3D1C73A867007A4766 /* AFMNotebooksViewController.h */,
				A9BABF3E1C73A867007A4766 /* AFMNotebooksViewController.m */,
				A92F38601C8B062B00210558 /* AFMNotesTableViewController.h */,
				A92F38611C8B062B00210558 /* AFMNotesTableViewController.m */,
				A9D4BFA11D664C7B0015335D /* AFMNotesViewController.h */,
				A9D4BFA21D664C7B0015335D /* AFMNotesViewController.m */,
				A9957E1B1D66FA790002C834 /* AFMNoteViewController.h */,
				A9957E1C1D66FA790002C834 /* AFMNoteViewController.m */,
				A9957E1D1D66FA790002C834 /* AFMNoteViewController.xib */,
			);
			name = Controllers;
			sourceTree = "<group>";
		};
		A9BABF401C73D3AC007A4766 /* Categories */ = {
			isa = PBXGroup;
			children = (
				A9BABF411C73D43E007A4766 /* UIViewController+Navigation.h */,
				A9BABF421C73D43E007A4766 /* UIViewController+Navigation.m */,
			);
			name = Categories;
			sourceTree = "<group>";
		};
		A9BABF441C73D7C6007A4766 /* Views */ = {
			isa = PBXGroup;
			children = (
				A9BABF451C73D81E007A4766 /* AFMNotebookCellView.xib */,
				A9BABF471C73DA62007A4766 /* AFMNotebookCellView.h */,
				A9BABF481C73DA62007A4766 /* AFMNotebookCellView.m */,
				A9D4BF991D661CD50015335D /* AFMNoteCollectionViewCell.xib */,
				A9D4BF9B1D661DB70015335D /* AFMNoteCellView.h */,
				A9D4BF9C1D661DB70015335D /* AFMNoteCellView.m */,
			);
			name = Views;
			sourceTree = "<group>";
		};
		A9CE5FEE1D675E0500E29327 /* Protocols */ = {
			isa = PBXGroup;
			children = (
				A9CE5FEF1D675F2300E29327 /* AFMDetailViewController.h */,
			);
			name = Protocols;
			sourceTree = "<group>";
		};
		A9D4BFA41D6657B10015335D /* Resources */ = {
			isa = PBXGroup;
			children = (
				A9D4BFA51D6657C20015335D /* noImage.png */,
			);
			name = Resources;
			sourceTree = "<group>";
		};
/* End PBXGroup section */

/* Begin PBXNativeTarget section */
		A99040D01C6F8C310055852B /* Everpobre */ = {
			isa = PBXNativeTarget;
			buildConfigurationList = A99040E21C6F8C310055852B /* Build configuration list for PBXNativeTarget "Everpobre" */;
			buildPhases = (
				A99040CD1C6F8C310055852B /* Sources */,
				A99040CE1C6F8C310055852B /* Frameworks */,
				A99040CF1C6F8C310055852B /* Resources */,
			);
			buildRules = (
			);
			dependencies = (
			);
			name = Everpobre;
			productName = Everpobre;
			productReference = A99040D11C6F8C310055852B /* Everpobre.app */;
			productType = "com.apple.product-type.application";
		};
/* End PBXNativeTarget section */

/* Begin PBXProject section */
		A99040C91C6F8C310055852B /* Project object */ = {
			isa = PBXProject;
			attributes = {
				LastUpgradeCheck = 0720;
				ORGANIZATIONNAME = Alejandro;
				TargetAttributes = {
					A99040D01C6F8C310055852B = {
						CreatedOnToolsVersion = 7.2.1;
						DevelopmentTeam = D5QHSG2783;
					};
				};
			};
			buildConfigurationList = A99040CC1C6F8C310055852B /* Build configuration list for PBXProject "Everpobre" */;
			compatibilityVersion = "Xcode 3.2";
			developmentRegion = English;
			hasScannedForEncodings = 0;
			knownRegions = (
				en,
				Base,
			);
			mainGroup = A99040C81C6F8C310055852B;
			productRefGroup = A99040D21C6F8C310055852B /* Products */;
			projectDirPath = "";
			projectRoot = "";
			targets = (
				A99040D01C6F8C310055852B /* Everpobre */,
			);
		};
/* End PBXProject section */

/* Begin PBXResourcesBuildPhase section */
		A99040CF1C6F8C310055852B /* Resources */ = {
			isa = PBXResourcesBuildPhase;
			buildActionMask = 2147483647;
			files = (
				A9BABF461C73D81E007A4766 /* AFMNotebookCellView.xib in Resources */,
				A99040DB1C6F8C310055852B /* Assets.xcassets in Resources */,
				A9D4BFA61D6657C20015335D /* noImage.png in Resources */,
				A99040DE1C6F8C310055852B /* LaunchScreen.storyboard in Resources */,
				A9AEB5CD1D68B10D00C71758 /* AGTNoteTableViewController.xib in Resources */,
				A9D4BF9A1D661CD50015335D /* AFMNoteCollectionViewCell.xib in Resources */,
				A9957E1F1D66FA790002C834 /* AFMNoteViewController.xib in Resources */,
			);
			runOnlyForDeploymentPostprocessing = 0;
		};
/* End PBXResourcesBuildPhase section */

/* Begin PBXSourcesBuildPhase section */
		A99040CD1C6F8C310055852B /* Sources */ = {
			isa = PBXSourcesBuildPhase;
			buildActionMask = 2147483647;
			files = (
				A9BABF491C73DA62007A4766 /* AFMNotebookCellView.m in Sources */,
				A9D4BF9D1D661DB70015335D /* AFMNoteCellView.m in Sources */,
				A95C32BB1C7068B100B157A7 /* _AFMPhoto.m in Sources */,
				A99040D91C6F8C310055852B /* AppDelegate.m in Sources */,
				A99041311C6FB5DA0055852B /* AFMNamedEntity.m in Sources */,
				A9957E1E1D66FA790002C834 /* AFMNoteViewController.m in Sources */,
				A92F38621C8B062B00210558 /* AFMNotesTableViewController.m in Sources */,
				A95C32BC1C7068B100B157A7 /* AFMPhoto.m in Sources */,
				A9BABF3F1C73A867007A4766 /* AFMNotebooksViewController.m in Sources */,
				A99040D61C6F8C310055852B /* main.m in Sources */,
				A9BABF431C73D43E007A4766 /* UIViewController+Navigation.m in Sources */,
				A990412F1C6FB5DA0055852B /* _AFMNote.m in Sources */,
				A9D4BFA31D664C7B0015335D /* AFMNotesViewController.m in Sources */,
				A99040E81C6F8D3B0055852B /* AGTSimpleCoreDataStack.m in Sources */,
				A9D4BFA01D664BFA0015335D /* AGTCoreDataCollectionViewController.m in Sources */,
				A99040EB1C6F949A0055852B /* Model.xcdatamodeld in Sources */,
				A9BABF3C1C73A813007A4766 /* AGTCoreDataTableViewController.m in Sources */,
				A99041301C6FB5DA0055852B /* _AFMNotebook.m in Sources */,
				A99041331C6FB5DA0055852B /* AFMNotebook.m in Sources */,
				A99041321C6FB5DA0055852B /* AFMNote.m in Sources */,
				A9AEB5CC1D68B10D00C71758 /* AGTNoteTableViewController.m in Sources */,
				A990412E1C6FB5DA0055852B /* _AFMNamedEntity.m in Sources */,
			);
			runOnlyForDeploymentPostprocessing = 0;
		};
/* End PBXSourcesBuildPhase section */

/* Begin PBXVariantGroup section */
		A99040DC1C6F8C310055852B /* LaunchScreen.storyboard */ = {
			isa = PBXVariantGroup;
			children = (
				A99040DD1C6F8C310055852B /* Base */,
			);
			name = LaunchScreen.storyboard;
			sourceTree = "<group>";
		};
/* End PBXVariantGroup section */

/* Begin XCBuildConfiguration section */
		A99040E01C6F8C310055852B /* Debug */ = {
			isa = XCBuildConfiguration;
			buildSettings = {
				ALWAYS_SEARCH_USER_PATHS = NO;
				CLANG_CXX_LANGUAGE_STANDARD = "gnu++0x";
				CLANG_CXX_LIBRARY = "libc++";
				CLANG_ENABLE_MODULES = YES;
				CLANG_ENABLE_OBJC_ARC = YES;
				CLANG_WARN_BOOL_CONVERSION = YES;
				CLANG_WARN_CONSTANT_CONVERSION = YES;
				CLANG_WARN_DIRECT_OBJC_ISA_USAGE = YES_ERROR;
				CLANG_WARN_EMPTY_BODY = YES;
				CLANG_WARN_ENUM_CONVERSION = YES;
				CLANG_WARN_INT_CONVERSION = YES;
				CLANG_WARN_OBJC_ROOT_CLASS = YES_ERROR;
				CLANG_WARN_UNREACHABLE_CODE = YES;
				CLANG_WARN__DUPLICATE_METHOD_MATCH = YES;
				"CODE_SIGN_IDENTITY[sdk=iphoneos*]" = "iPhone Developer";
				COPY_PHASE_STRIP = NO;
				DEBUG_INFORMATION_FORMAT = dwarf;
				ENABLE_STRICT_OBJC_MSGSEND = YES;
				ENABLE_TESTABILITY = YES;
				GCC_C_LANGUAGE_STANDARD = gnu99;
				GCC_DYNAMIC_NO_PIC = NO;
				GCC_NO_COMMON_BLOCKS = YES;
				GCC_OPTIMIZATION_LEVEL = 0;
				GCC_PREPROCESSOR_DEFINITIONS = (
					"DEBUG=1",
					"$(inherited)",
				);
				GCC_WARN_64_TO_32_BIT_CONVERSION = YES;
				GCC_WARN_ABOUT_RETURN_TYPE = YES_ERROR;
				GCC_WARN_UNDECLARED_SELECTOR = YES;
				GCC_WARN_UNINITIALIZED_AUTOS = YES_AGGRESSIVE;
				GCC_WARN_UNUSED_FUNCTION = YES;
				GCC_WARN_UNUSED_VARIABLE = YES;
				IPHONEOS_DEPLOYMENT_TARGET = 9.2;
				MTL_ENABLE_DEBUG_INFO = YES;
				ONLY_ACTIVE_ARCH = YES;
				SDKROOT = iphoneos;
			};
			name = Debug;
		};
		A99040E11C6F8C310055852B /* Release */ = {
			isa = XCBuildConfiguration;
			buildSettings = {
				ALWAYS_SEARCH_USER_PATHS = NO;
				CLANG_CXX_LANGUAGE_STANDARD = "gnu++0x";
				CLANG_CXX_LIBRARY = "libc++";
				CLANG_ENABLE_MODULES = YES;
				CLANG_ENABLE_OBJC_ARC = YES;
				CLANG_WARN_BOOL_CONVERSION = YES;
				CLANG_WARN_CONSTANT_CONVERSION = YES;
				CLANG_WARN_DIRECT_OBJC_ISA_USAGE = YES_ERROR;
				CLANG_WARN_EMPTY_BODY = YES;
				CLANG_WARN_ENUM_CONVERSION = YES;
				CLANG_WARN_INT_CONVERSION = YES;
				CLANG_WARN_OBJC_ROOT_CLASS = YES_ERROR;
				CLANG_WARN_UNREACHABLE_CODE = YES;
				CLANG_WARN__DUPLICATE_METHOD_MATCH = YES;
				"CODE_SIGN_IDENTITY[sdk=iphoneos*]" = "iPhone Developer";
				COPY_PHASE_STRIP = NO;
				DEBUG_INFORMATION_FORMAT = "dwarf-with-dsym";
				ENABLE_NS_ASSERTIONS = NO;
				ENABLE_STRICT_OBJC_MSGSEND = YES;
				GCC_C_LANGUAGE_STANDARD = gnu99;
				GCC_NO_COMMON_BLOCKS = YES;
				GCC_WARN_64_TO_32_BIT_CONVERSION = YES;
				GCC_WARN_ABOUT_RETURN_TYPE = YES_ERROR;
				GCC_WARN_UNDECLARED_SELECTOR = YES;
				GCC_WARN_UNINITIALIZED_AUTOS = YES_AGGRESSIVE;
				GCC_WARN_UNUSED_FUNCTION = YES;
				GCC_WARN_UNUSED_VARIABLE = YES;
				IPHONEOS_DEPLOYMENT_TARGET = 9.2;
				MTL_ENABLE_DEBUG_INFO = NO;
				SDKROOT = iphoneos;
				VALIDATE_PRODUCT = YES;
			};
			name = Release;
		};
		A99040E31C6F8C310055852B /* Debug */ = {
			isa = XCBuildConfiguration;
			buildSettings = {
				ASSETCATALOG_COMPILER_APPICON_NAME = AppIcon;
				GCC_PREFIX_HEADER = "$(SRCROOT)/Everpobre/Everpobre-Prefix.pch";
				INFOPLIST_FILE = Everpobre/Info.plist;
				LD_RUNPATH_SEARCH_PATHS = "$(inherited) @executable_path/Frameworks";
				PRODUCT_BUNDLE_IDENTIFIER = Alejandro.Everpobre;
				PRODUCT_NAME = "$(TARGET_NAME)";
			};
			name = Debug;
		};
		A99040E41C6F8C310055852B /* Release */ = {
			isa = XCBuildConfiguration;
			buildSettings = {
				ASSETCATALOG_COMPILER_APPICON_NAME = AppIcon;
				GCC_PREFIX_HEADER = "$(SRCROOT)/Everpobre/Everpobre-Prefix.pch";
				INFOPLIST_FILE = Everpobre/Info.plist;
				LD_RUNPATH_SEARCH_PATHS = "$(inherited) @executable_path/Frameworks";
				PRODUCT_BUNDLE_IDENTIFIER = Alejandro.Everpobre;
				PRODUCT_NAME = "$(TARGET_NAME)";
			};
			name = Release;
		};
/* End XCBuildConfiguration section */

/* Begin XCConfigurationList section */
		A99040CC1C6F8C310055852B /* Build configuration list for PBXProject "Everpobre" */ = {
			isa = XCConfigurationList;
			buildConfigurations = (
				A99040E01C6F8C310055852B /* Debug */,
				A99040E11C6F8C310055852B /* Release */,
			);
			defaultConfigurationIsVisible = 0;
			defaultConfigurationName = Release;
		};
		A99040E21C6F8C310055852B /* Build configuration list for PBXNativeTarget "Everpobre" */ = {
			isa = XCConfigurationList;
			buildConfigurations = (
				A99040E31C6F8C310055852B /* Debug */,
				A99040E41C6F8C310055852B /* Release */,
			);
			defaultConfigurationIsVisible = 0;
			defaultConfigurationName = Release;
		};
/* End XCConfigurationList section */

/* Begin XCVersionGroup section */
		A99040E91C6F949A0055852B /* Model.xcdatamodeld */ = {
			isa = XCVersionGroup;
			children = (
				A99040EA1C6F949A0055852B /* Model.xcdatamodel */,
			);
			currentVersion = A99040EA1C6F949A0055852B /* Model.xcdatamodel */;
			path = Model.xcdatamodeld;
			sourceTree = "<group>";
			versionGroupType = wrapper.xcdatamodel;
		};
/* End XCVersionGroup section */
	};
	rootObject = A99040C91C6F8C310055852B /* Project object */;
}
